
Microsoft Visual Studio Solution File, Format Version 12.00
# Visual Studio 15
VisualStudioVersion = 15.0.27703.2047
MinimumVisualStudioVersion = 10.0.40219.1
Project("{FAE04EC0-301F-11D3-BF4B-00C04F79EFBC}") = "ExcelExport", "ExcelExport\ExcelExport.csproj", "{263F6095-943D-4F41-8CE7-E2E24FD4E41B}"
EndProject
Project("{FAE04EC0-301F-11D3-BF4B-00C04F79EFBC}") = "ExcelBinaryReader", "ExcelBinaryReader\ExcelBinaryReader.csproj", "{B8436026-4987-4141-94A6-C3260B3F2B05}"
EndProject
Global
	GlobalSection(SolutionConfigurationPlatforms) = preSolution
		Debug|Any CPU = Debug|Any CPU
		Release|Any CPU = Release|Any CPU
	EndGlobalSection
	GlobalSection(ProjectConfigurationPlatforms) = postSolution
		{263F6095-943D-4F41-8CE7-E2E24FD4E41B}.Debug|Any CPU.ActiveCfg = Debug|Any CPU
		{263F6095-943D-4F41-8CE7-E2E24FD4E41B}.Debug|Any CPU.Build.0 = Debug|Any CPU
		{263F6095-943D-4F41-8CE7-E2E24FD4E41B}.Release|Any CPU.ActiveCfg = Release|Any CPU
		{263F6095-943D-4F41-8CE7-E2E24FD4E41B}.Release|Any CPU.Build.0 = Release|Any CPU
		{B8436026-4987-4141-94A6-C3260B3F2B05}.Debug|Any CPU.ActiveCfg = Debug|Any CPU
		{B8436026-4987-4141-94A6-C3260B3F2B05}.Debug|Any CPU.Build.0 = Debug|Any CPU
		{B8436026-4987-4141-94A6-C3260B3F2B05}.Release|Any CPU.ActiveCfg = Release|Any CPU
		{B8436026-4987-4141-94A6-C3260B3F2B05}.Release|Any CPU.Build.0 = Release|Any CPU
	EndGlobalSection
	GlobalSection(SolutionProperties) = preSolution
		HideSolutionNode = FALSE
	EndGlobalSection
	GlobalSection(ExtensibilityGlobals) = postSolution
		SolutionGuid = {F0A416F6-7906-49C6-B787-AAD33FA5CEB7}
	EndGlobalSection
EndGlobal
